
Microsoft Visual Studio Solution File, Format Version 12.00
# Visual Studio Version 16
VisualStudioVersion = 16.0.29230.61
MinimumVisualStudioVersion = 10.0.40219.1
Project("{9A19103F-16F7-4668-BE54-9A1E7A4F7556}") = "App.Web", "App.Web\App.Web.csproj", "{D618DD2D-4BDF-434A-9FF3-4493A05E10E6}"
EndProject
Project("{9A19103F-16F7-4668-BE54-9A1E7A4F7556}") = "App.Common", "App.Common\App.Common.csproj", "{A9ECF830-53EF-444D-A3FB-AD66A17C62BD}"
EndProject
Project("{9A19103F-16F7-4668-BE54-9A1E7A4F7556}") = "App.Example", "App.TestModule\App.Example.csproj", "{25F59F96-D5C0-4036-8DF3-2A4568E48602}"
EndProject
Project("{9A19103F-16F7-4668-BE54-9A1E7A4F7556}") = "App.Deposits", "App.Deposits\App.Deposits.csproj", "{07474E0F-9D59-49C3-8418-817B80BFC41F}"
EndProject
Project("{9A19103F-16F7-4668-BE54-9A1E7A4F7556}") = "App.Loans", "App.Loans\App.Loans.csproj", "{066DCB5E-9C5B-4E00-B1BA-48330D604A4D}"
EndProject
Project("{9A19103F-16F7-4668-BE54-9A1E7A4F7556}") = "App.UserSupport", "App.UserSupport\App.UserSupport.csproj", "{6ADD396B-D98B-4E6F-9163-F74280E6F13B}"
EndProject
Project("{9A19103F-16F7-4668-BE54-9A1E7A4F7556}") = "App.Goods", "App.Goods\App.Goods.csproj", "{77837CCB-38E1-448E-92D8-5F5201382CF6}"
EndProject
Project("{9A19103F-16F7-4668-BE54-9A1E7A4F7556}") = "App.Stocks", "App.Stocks\App.Stocks.csproj", "{1FD2CCFB-BFC6-4BC0-82B7-682AC174B225}"
EndProject
Global
	GlobalSection(SolutionConfigurationPlatforms) = preSolution
		Debug|Any CPU = Debug|Any CPU
		Release|Any CPU = Release|Any CPU
	EndGlobalSection
	GlobalSection(ProjectConfigurationPlatforms) = postSolution
		{D618DD2D-4BDF-434A-9FF3-4493A05E10E6}.Debug|Any CPU.ActiveCfg = Debug|Any CPU
		{D618DD2D-4BDF-434A-9FF3-4493A05E10E6}.Debug|Any CPU.Build.0 = Debug|Any CPU
		{D618DD2D-4BDF-434A-9FF3-4493A05E10E6}.Release|Any CPU.ActiveCfg = Release|Any CPU
		{D618DD2D-4BDF-434A-9FF3-4493A05E10E6}.Release|Any CPU.Build.0 = Release|Any CPU
		{A9ECF830-53EF-444D-A3FB-AD66A17C62BD}.Debug|Any CPU.ActiveCfg = Debug|Any CPU
		{A9ECF830-53EF-444D-A3FB-AD66A17C62BD}.Debug|Any CPU.Build.0 = Debug|Any CPU
		{A9ECF830-53EF-444D-A3FB-AD66A17C62BD}.Release|Any CPU.ActiveCfg = Release|Any CPU
		{A9ECF830-53EF-444D-A3FB-AD66A17C62BD}.Release|Any CPU.Build.0 = Release|Any CPU
		{25F59F96-D5C0-4036-8DF3-2A4568E48602}.Debug|Any CPU.ActiveCfg = Debug|Any CPU
		{25F59F96-D5C0-4036-8DF3-2A4568E48602}.Debug|Any CPU.Build.0 = Debug|Any CPU
		{25F59F96-D5C0-4036-8DF3-2A4568E48602}.Release|Any CPU.ActiveCfg = Release|Any CPU
		{25F59F96-D5C0-4036-8DF3-2A4568E48602}.Release|Any CPU.Build.0 = Release|Any CPU
		{07474E0F-9D59-49C3-8418-817B80BFC41F}.Debug|Any CPU.ActiveCfg = Debug|Any CPU
		{07474E0F-9D59-49C3-8418-817B80BFC41F}.Debug|Any CPU.Build.0 = Debug|Any CPU
		{07474E0F-9D59-49C3-8418-817B80BFC41F}.Release|Any CPU.ActiveCfg = Release|Any CPU
		{07474E0F-9D59-49C3-8418-817B80BFC41F}.Release|Any CPU.Build.0 = Release|Any CPU
		{066DCB5E-9C5B-4E00-B1BA-48330D604A4D}.Debug|Any CPU.ActiveCfg = Debug|Any CPU
		{066DCB5E-9C5B-4E00-B1BA-48330D604A4D}.Debug|Any CPU.Build.0 = Debug|Any CPU
		{066DCB5E-9C5B-4E00-B1BA-48330D604A4D}.Release|Any CPU.ActiveCfg = Release|Any CPU
		{066DCB5E-9C5B-4E00-B1BA-48330D604A4D}.Release|Any CPU.Build.0 = Release|Any CPU
		{6ADD396B-D98B-4E6F-9163-F74280E6F13B}.Debug|Any CPU.ActiveCfg = Debug|Any CPU
		{6ADD396B-D98B-4E6F-9163-F74280E6F13B}.Debug|Any CPU.Build.0 = Debug|Any CPU
		{6ADD396B-D98B-4E6F-9163-F74280E6F13B}.Release|Any CPU.ActiveCfg = Release|Any CPU
		{6ADD396B-D98B-4E6F-9163-F74280E6F13B}.Release|Any CPU.Build.0 = Release|Any CPU
		{77837CCB-38E1-448E-92D8-5F5201382CF6}.Debug|Any CPU.ActiveCfg = Debug|Any CPU
		{77837CCB-38E1-448E-92D8-5F5201382CF6}.Debug|Any CPU.Build.0 = Debug|Any CPU
		{77837CCB-38E1-448E-92D8-5F5201382CF6}.Release|Any CPU.ActiveCfg = Release|Any CPU
		{77837CCB-38E1-448E-92D8-5F5201382CF6}.Release|Any CPU.Build.0 = Release|Any CPU
		{1FD2CCFB-BFC6-4BC0-82B7-682AC174B225}.Debug|Any CPU.ActiveCfg = Debug|Any CPU
		{1FD2CCFB-BFC6-4BC0-82B7-682AC174B225}.Debug|Any CPU.Build.0 = Debug|Any CPU
		{1FD2CCFB-BFC6-4BC0-82B7-682AC174B225}.Release|Any CPU.ActiveCfg = Release|Any CPU
		{1FD2CCFB-BFC6-4BC0-82B7-682AC174B225}.Release|Any CPU.Build.0 = Release|Any CPU
	EndGlobalSection
	GlobalSection(SolutionProperties) = preSolution
		HideSolutionNode = FALSE
	EndGlobalSection
	GlobalSection(ExtensibilityGlobals) = postSolution
		SolutionGuid = {F655FF98-BEB8-4908-8370-62477C43A1A9}
	EndGlobalSection
EndGlobal
